
Microsoft Visual Studio Solution File, Format Version 12.00
# Visual Studio 15
VisualStudioVersion = 15.0.27428.2043
MinimumVisualStudioVersion = 10.0.40219.1
Project("{FAE04EC0-301F-11D3-BF4B-00C04F79EFBC}") = "HueShift", "HueShift\HueShift.csproj", "{35F29A9A-71F7-4CE1-A2F8-A954CFC89222}"
EndProject
Global
	GlobalSection(SolutionConfigurationPlatforms) = preSolution
		Debug|Any CPU = Debug|Any CPU
		Release|Any CPU = Release|Any CPU
	EndGlobalSection
	GlobalSection(ProjectConfigurationPlatforms) = postSolution
		{35F29A9A-71F7-4CE1-A2F8-A954CFC89222}.Debug|Any CPU.ActiveCfg = Debug|Any CPU
		{35F29A9A-71F7-4CE1-A2F8-A954CFC89222}.Debug|Any CPU.Build.0 = Debug|Any CPU
		{35F29A9A-71F7-4CE1-A2F8-A954CFC89222}.Release|Any CPU.ActiveCfg = Release|Any CPU
		{35F29A9A-71F7-4CE1-A2F8-A954CFC89222}.Release|Any CPU.Build.0 = Release|Any CPU
	EndGlobalSection
	GlobalSection(SolutionProperties) = preSolution
		HideSolutionNode = FALSE
	EndGlobalSection
	GlobalSection(ExtensibilityGlobals) = postSolution
		SolutionGuid = {5CCB62A6-CDD5-4A7C-A3DB-16DD2C66DD61}
	EndGlobalSection
EndGlobal
